
Microsoft Visual Studio Solution File, Format Version 12.00
# Visual Studio Version 16
VisualStudioVersion = 16.0.28803.156
MinimumVisualStudioVersion = 10.0.40219.1
Project("{FAE04EC0-301F-11D3-BF4B-00C04F79EFBC}") = "HomeTask_ Lesson3", "HomeTask_ Lesson3\HomeTask_ Lesson3.csproj", "{83C9DB9D-6E60-4D92-91C7-963B439CF390}"
EndProject
Global
	GlobalSection(SolutionConfigurationPlatforms) = preSolution
		Debug|Any CPU = Debug|Any CPU
		Release|Any CPU = Release|Any CPU
	EndGlobalSection
	GlobalSection(ProjectConfigurationPlatforms) = postSolution
		{83C9DB9D-6E60-4D92-91C7-963B439CF390}.Debug|Any CPU.ActiveCfg = Debug|Any CPU
		{83C9DB9D-6E60-4D92-91C7-963B439CF390}.Debug|Any CPU.Build.0 = Debug|Any CPU
		{83C9DB9D-6E60-4D92-91C7-963B439CF390}.Release|Any CPU.ActiveCfg = Release|Any CPU
		{83C9DB9D-6E60-4D92-91C7-963B439CF390}.Release|Any CPU.Build.0 = Release|Any CPU
	EndGlobalSection
	GlobalSection(SolutionProperties) = preSolution
		HideSolutionNode = FALSE
	EndGlobalSection
	GlobalSection(ExtensibilityGlobals) = postSolution
		SolutionGuid = {372727EE-9836-4C9B-8FF3-943A7D17D974}
	EndGlobalSection
EndGlobal
