
Microsoft Visual Studio Solution File, Format Version 12.00
# Visual Studio Version 16
VisualStudioVersion = 16.0.28803.452
MinimumVisualStudioVersion = 10.0.40219.1
Project("{FAE04EC0-301F-11D3-BF4B-00C04F79EFBC}") = "HomeTaskGame", "HomeTaskGame\HomeTaskGame.csproj", "{CC9835E0-B8ED-4974-BD5C-7116D011D06E}"
EndProject
Global
	GlobalSection(SolutionConfigurationPlatforms) = preSolution
		Debug|Any CPU = Debug|Any CPU
		Release|Any CPU = Release|Any CPU
	EndGlobalSection
	GlobalSection(ProjectConfigurationPlatforms) = postSolution
		{CC9835E0-B8ED-4974-BD5C-7116D011D06E}.Debug|Any CPU.ActiveCfg = Debug|Any CPU
		{CC9835E0-B8ED-4974-BD5C-7116D011D06E}.Debug|Any CPU.Build.0 = Debug|Any CPU
		{CC9835E0-B8ED-4974-BD5C-7116D011D06E}.Release|Any CPU.ActiveCfg = Release|Any CPU
		{CC9835E0-B8ED-4974-BD5C-7116D011D06E}.Release|Any CPU.Build.0 = Release|Any CPU
	EndGlobalSection
	GlobalSection(SolutionProperties) = preSolution
		HideSolutionNode = FALSE
	EndGlobalSection
	GlobalSection(ExtensibilityGlobals) = postSolution
		SolutionGuid = {11F8ACA1-AAF6-477F-98CA-E40619FD8639}
	EndGlobalSection
EndGlobal
